{
  "name": "@onruntime/claude-plugin-gitmoji",
  "version": "1.2.0",
  "lockfileVersion": 3,
  "requires": true,
  "packages": {
    "": {
      "name": "@onruntime/claude-plugin-gitmoji",
      "version": "1.2.0",
      "license": "MIT",
      "dependencies": {
        "gitmojis": "^3.15.0"
      }
    },
    "node_modules/gitmojis": {
      "version": "3.15.0",
      "resolved": "https://registry.npmjs.org/gitmojis/-/gitmojis-3.15.0.tgz",
      "integrity": "sha512-28sothO0+6UuXx0fnJXi4kqy2/dKeFN3xL2Ss5k5K5ECBJMi5T2kZLY92xys3/+YD+AgKHgeiw7YQpYKnkCLMg==",
      "license": "MIT"
    }
  }
}
